
Microsoft Visual Studio Solution File, Format Version 12.00
# Visual Studio Version 17
VisualStudioVersion = 17.13.36105.23
MinimumVisualStudioVersion = 10.0.40219.1
Project("{FAE04EC0-301F-11D3-BF4B-00C04F79EFBC}") = "ReactApp1.Server", "ReactApp1.Server\ReactApp1.Server.csproj", "{FDF539E3-2FFF-4D35-B29A-CBC918DFDE86}"
EndProject
Project("{54A90642-561A-4BB1-A94E-469ADEE60C69}") = "reactprojectopencode", "open-react-template-master\reactprojectopencode.esproj", "{991E70FA-8FA5-743A-6509-B70643FF624B}"
EndProject
Global
	GlobalSection(SolutionConfigurationPlatforms) = preSolution
		Debug|Any CPU = Debug|Any CPU
		Release|Any CPU = Release|Any CPU
	EndGlobalSection
	GlobalSection(ProjectConfigurationPlatforms) = postSolution
		{FDF539E3-2FFF-4D35-B29A-CBC918DFDE86}.Debug|Any CPU.ActiveCfg = Debug|Any CPU
		{FDF539E3-2FFF-4D35-B29A-CBC918DFDE86}.Debug|Any CPU.Build.0 = Debug|Any CPU
		{FDF539E3-2FFF-4D35-B29A-CBC918DFDE86}.Release|Any CPU.ActiveCfg = Release|Any CPU
		{FDF539E3-2FFF-4D35-B29A-CBC918DFDE86}.Release|Any CPU.Build.0 = Release|Any CPU
		{991E70FA-8FA5-743A-6509-B70643FF624B}.Debug|Any CPU.ActiveCfg = Debug|Any CPU
		{991E70FA-8FA5-743A-6509-B70643FF624B}.Debug|Any CPU.Build.0 = Debug|Any CPU
		{991E70FA-8FA5-743A-6509-B70643FF624B}.Debug|Any CPU.Deploy.0 = Debug|Any CPU
		{991E70FA-8FA5-743A-6509-B70643FF624B}.Release|Any CPU.ActiveCfg = Release|Any CPU
		{991E70FA-8FA5-743A-6509-B70643FF624B}.Release|Any CPU.Build.0 = Release|Any CPU
		{991E70FA-8FA5-743A-6509-B70643FF624B}.Release|Any CPU.Deploy.0 = Release|Any CPU
	EndGlobalSection
	GlobalSection(SolutionProperties) = preSolution
		HideSolutionNode = FALSE
	EndGlobalSection
	GlobalSection(ExtensibilityGlobals) = postSolution
		SolutionGuid = {2259456D-2239-42BD-81E4-42F0FDB2463E}
	EndGlobalSection
EndGlobal
